{
  "nodes": {
    "nix-darwin": {
      "inputs": {
        "nixpkgs": [
          "nixpkgs"
        ]
      },
      "locked": {
        "lastModified": 1717976995,
        "narHash": "sha256-u3HBinyIyUvL1+N816bODpJmSQdgn0Mbb8BprFw7kqo=",
        "owner": "LnL7",
        "repo": "nix-darwin",
        "rev": "315aa649ba307704db0b16c92f097a08a65ec955",
        "type": "github"
      },
      "original": {
        "owner": "LnL7",
        "repo": "nix-darwin",
        "type": "github"
      }
    },
    "nixpkgs": {
      "locked": {
        "lastModified": 1718350267,
        "narHash": "sha256-hrf/m9msEun15Vbs8+IOijFe4Sb58KxG/BnDSL9xgZQ=",
        "owner": "NixOS",
        "repo": "nixpkgs",
        "rev": "ecbc30d5ed9f75449233b17d4a4cdeab53af793f",
        "type": "github"
      },
      "original": {
        "owner": "NixOS",
        "ref": "nixpkgs-24.05-darwin",
        "repo": "nixpkgs",
        "type": "github"
      }
    },
    "root": {
      "inputs": {
        "nix-darwin": "nix-darwin",
        "nixpkgs": "nixpkgs"
      }
    }
  },
  "root": "root",
  "version": 7
}
