{
  "nodes": {
    "disko": {
      "inputs": {
        "nixpkgs": [
          "nixpkgs"
        ]
      },
      "locked": {
        "lastModified": 1768920986,
        "narHash": "sha256-CNzzBsRhq7gg4BMBuTDObiWDH/rFYHEuDRVOwCcwXw4=",
        "owner": "nix-community",
        "repo": "disko",
        "rev": "de5708739256238fb912c62f03988815db89ec9a",
        "type": "github"
      },
      "original": {
        "owner": "nix-community",
        "ref": "latest",
        "repo": "disko",
        "type": "github"
      }
    },
    "firefox-addons": {
      "inputs": {
        "nixpkgs": [
          "nixpkgs"
        ]
      },
      "locked": {
        "dir": "pkgs/firefox-addons",
        "lastModified": 1787112172,
        "narHash": "sha256-UMk1vXwGwx7dSxHAst6EcOvsryXIRuRF1QIFCz3oG+k=",
        "owner": "rycee",
        "repo": "nur-expressions",
        "rev": "b6890db16471fa96d9223b538bcd30af7ea0a9bb",
        "type": "gitlab"
      },
      "original": {
        "dir": "pkgs/firefox-addons",
        "owner": "rycee",
        "repo": "nur-expressions",
        "type": "gitlab"
      }
    },
    "flake-parts": {
      "inputs": {
        "nixpkgs-lib": [
          "nixpkgs"
        ]
      },
      "locked": {
        "lastModified": 1785627969,
        "narHash": "sha256-4dtXQk/NMePegK/nWp5NSeuZKLATItOq61lpEvmXqGw=",
        "owner": "hercules-ci",
        "repo": "flake-parts",
        "rev": "427bf4bd9435fdf21321c8cc628c24efc14c0f7a",
        "type": "github"
      },
      "original": {
        "owner": "hercules-ci",
        "repo": "flake-parts",
        "type": "github"
      }
    },
    "home-manager": {
      "inputs": {
        "nixpkgs": [
          "nixpkgs"
        ]
      },
      "locked": {
        "lastModified": 1787176219,
        "narHash": "sha256-djoRr6jBpe35q/0JwAvXpFXg1Ktf+X54NU2RLR7wnHw=",
        "owner": "nix-community",
        "repo": "home-manager",
        "rev": "c53d643b3737e2fcd04e6cb3b3580ef50b2087a0",
        "type": "github"
      },
      "original": {
        "owner": "nix-community",
        "repo": "home-manager",
        "type": "github"
      }
    },
    "import-tree": {
      "locked": {
        "lastModified": 1784254960,
        "narHash": "sha256-iI88R3wHz8wTKQb5orvpc51L/Xr64AJyxid/0MKa/b8=",
        "owner": "vic",
        "repo": "import-tree",
        "rev": "4ebb10ae17d5f1ad366e7aef5b92cb8eecf24f69",
        "type": "github"
      },
      "original": {
        "owner": "vic",
        "repo": "import-tree",
        "type": "github"
      }
    },
    "nix-darwin": {
      "inputs": {
        "nixpkgs": [
          "nixpkgs"
        ]
      },
      "locked": {
        "lastModified": 1786845137,
        "narHash": "sha256-oQFip+v0luP8NIxJzmiW4Wu8bILsbFWom5l0zonl8hQ=",
        "owner": "LnL7",
        "repo": "nix-darwin",
        "rev": "4cff07de74b50e64bdd68cd4e722ab5b6b35ee48",
        "type": "github"
      },
      "original": {
        "owner": "LnL7",
        "repo": "nix-darwin",
        "type": "github"
      }
    },
    "nixpkgs": {
      "locked": {
        "lastModified": 1786348146,
        "narHash": "sha256-we5zDEFfn8TgzeWKjKDMIjeQZ59omEPl23NIF+13/ys=",
        "owner": "NixOS",
        "repo": "nixpkgs",
        "rev": "d482ef84049d9b7276b83a06e4e4d76983830097",
        "type": "github"
      },
      "original": {
        "owner": "NixOS",
        "ref": "nixpkgs-unstable",
        "repo": "nixpkgs",
        "type": "github"
      }
    },
    "root": {
      "inputs": {
        "disko": "disko",
        "firefox-addons": "firefox-addons",
        "flake-parts": "flake-parts",
        "home-manager": "home-manager",
        "import-tree": "import-tree",
        "nix-darwin": "nix-darwin",
        "nixpkgs": "nixpkgs",
        "walls-catppuccin-mocha": "walls-catppuccin-mocha",
        "walls-nordic": "walls-nordic"
      }
    },
    "walls-catppuccin-mocha": {
      "flake": false,
      "locked": {
        "lastModified": 1762937381,
        "narHash": "sha256-N+MZHSRcwOldS5Ai8B3YfKquKs9oeUW/GkV1iKM5+i8=",
        "owner": "orangci",
        "repo": "walls-catppuccin-mocha",
        "rev": "7bfdf10d16ad3a689f9f0cf3a0930da3d1a245a8",
        "type": "github"
      },
      "original": {
        "owner": "orangci",
        "repo": "walls-catppuccin-mocha",
        "rev": "7bfdf10d16ad3a689f9f0cf3a0930da3d1a245a8",
        "type": "github"
      }
    },
    "walls-nordic": {
      "flake": false,
      "locked": {
        "lastModified": 1767157522,
        "narHash": "sha256-clRGfUqKD4/v5bNj/lI5pKDdf6qraZXJBWZtBLLqF50=",
        "owner": "linuxdotexe",
        "repo": "nordic-wallpapers",
        "rev": "7a8e3bcabafbefd1c5b19229841b9bf377a4b765",
        "type": "github"
      },
      "original": {
        "owner": "linuxdotexe",
        "repo": "nordic-wallpapers",
        "rev": "7a8e3bcabafbefd1c5b19229841b9bf377a4b765",
        "type": "github"
      }
    }
  },
  "root": "root",
  "version": 7
}
